
Microsoft Visual Studio Solution File, Format Version 12.00
# Visual Studio Version 16
VisualStudioVersion = 16.0.31613.86
MinimumVisualStudioVersion = 10.0.40219.1
Project("{F184B08F-C81C-45F6-A57F-5ABD9991F28F}") = "EmployeeInfo", "EmployeeInfo\EmployeeInfo.vbproj", "{2F23E2FE-8E8A-459E-98AD-B3FDAC276D93}"
EndProject
Global
	GlobalSection(SolutionConfigurationPlatforms) = preSolution
		Debug|Any CPU = Debug|Any CPU
		Release|Any CPU = Release|Any CPU
	EndGlobalSection
	GlobalSection(ProjectConfigurationPlatforms) = postSolution
		{2F23E2FE-8E8A-459E-98AD-B3FDAC276D93}.Debug|Any CPU.ActiveCfg = Debug|Any CPU
		{2F23E2FE-8E8A-459E-98AD-B3FDAC276D93}.Debug|Any CPU.Build.0 = Debug|Any CPU
		{2F23E2FE-8E8A-459E-98AD-B3FDAC276D93}.Release|Any CPU.ActiveCfg = Release|Any CPU
		{2F23E2FE-8E8A-459E-98AD-B3FDAC276D93}.Release|Any CPU.Build.0 = Release|Any CPU
	EndGlobalSection
	GlobalSection(SolutionProperties) = preSolution
		HideSolutionNode = FALSE
	EndGlobalSection
	GlobalSection(ExtensibilityGlobals) = postSolution
		SolutionGuid = {4D2F86D7-5358-45C4-8D02-EC3FAACE3C8B}
	EndGlobalSection
EndGlobal
